
Microsoft Visual Studio Solution File, Format Version 12.00
# Visual Studio Version 16
VisualStudioVersion = 16.0.32802.440
MinimumVisualStudioVersion = 10.0.40219.1
Project("{8BC9CEB8-8B4A-11D0-8D11-00A0C91BC942}") = "Tarea1_DiegoCordón_1094021", "Tarea1_DiegoCordón_1094021\Tarea1_DiegoCordón_1094021.vcxproj", "{217146A9-8BE5-4DB1-A29A-FC942AF76ECF}"
EndProject
Global
	GlobalSection(SolutionConfigurationPlatforms) = preSolution
		Debug|x64 = Debug|x64
		Debug|x86 = Debug|x86
		Release|x64 = Release|x64
		Release|x86 = Release|x86
	EndGlobalSection
	GlobalSection(ProjectConfigurationPlatforms) = postSolution
		{217146A9-8BE5-4DB1-A29A-FC942AF76ECF}.Debug|x64.ActiveCfg = Debug|x64
		{217146A9-8BE5-4DB1-A29A-FC942AF76ECF}.Debug|x64.Build.0 = Debug|x64
		{217146A9-8BE5-4DB1-A29A-FC942AF76ECF}.Debug|x86.ActiveCfg = Debug|Win32
		{217146A9-8BE5-4DB1-A29A-FC942AF76ECF}.Debug|x86.Build.0 = Debug|Win32
		{217146A9-8BE5-4DB1-A29A-FC942AF76ECF}.Release|x64.ActiveCfg = Release|x64
		{217146A9-8BE5-4DB1-A29A-FC942AF76ECF}.Release|x64.Build.0 = Release|x64
		{217146A9-8BE5-4DB1-A29A-FC942AF76ECF}.Release|x86.ActiveCfg = Release|Win32
		{217146A9-8BE5-4DB1-A29A-FC942AF76ECF}.Release|x86.Build.0 = Release|Win32
	EndGlobalSection
	GlobalSection(SolutionProperties) = preSolution
		HideSolutionNode = FALSE
	EndGlobalSection
	GlobalSection(ExtensibilityGlobals) = postSolution
		SolutionGuid = {D84022D3-241B-4A69-88A6-8E5980CFEAD6}
	EndGlobalSection
EndGlobal
